// !$*UTF8*$!
{
	archiveVersion = 1;
	classes = {
	};
	objectVersion = 56;
	objects = {

/* Begin PBXBuildFile section */
		F40349BC2914340C00BE325C /* WeatherManager.swift in Sources */ = {isa = PBXBuildFile; fileRef = F40349BB2914340C00BE325C /* WeatherManager.swift */; };
		F40349BE2914343200BE325C /* WeatherData.swift in Sources */ = {isa = PBXBuildFile; fileRef = F40349BD2914343200BE325C /* WeatherData.swift */; };
		F40349C02914345200BE325C /* WeatherModel.swift in Sources */ = {isa = PBXBuildFile; fileRef = F40349BF2914345200BE325C /* WeatherModel.swift */; };
		F42B2D53291426E700B25036 /* AppDelegate.swift in Sources */ = {isa = PBXBuildFile; fileRef = F42B2D52291426E700B25036 /* AppDelegate.swift */; };
		F42B2D55291426E700B25036 /* SceneDelegate.swift in Sources */ = {isa = PBXBuildFile; fileRef = F42B2D54291426E700B25036 /* SceneDelegate.swift */; };
		F42B2D57291426E700B25036 /* ViewController.swift in Sources */ = {isa = PBXBuildFile; fileRef = F42B2D56291426E700B25036 /* ViewController.swift */; };
		F42B2D5A291426E700B25036 /* Main.storyboard in Resources */ = {isa = PBXBuildFile; fileRef = F42B2D58291426E700B25036 /* Main.storyboard */; };
		F42B2D5C291426E800B25036 /* Assets.xcassets in Resources */ = {isa = PBXBuildFile; fileRef = F42B2D5B291426E800B25036 /* Assets.xcassets */; };
		F42B2D5F291426E800B25036 /* LaunchScreen.storyboard in Resources */ = {isa = PBXBuildFile; fileRef = F42B2D5D291426E800B25036 /* LaunchScreen.storyboard */; };
/* End PBXBuildFile section */

/* Begin PBXFileReference section */
		F40349BB2914340C00BE325C /* WeatherManager.swift */ = {isa = PBXFileReference; lastKnownFileType = sourcecode.swift; path = WeatherManager.swift; sourceTree = "<group>"; };
		F40349BD2914343200BE325C /* WeatherData.swift */ = {isa = PBXFileReference; lastKnownFileType = sourcecode.swift; path = WeatherData.swift; sourceTree = "<group>"; };
		F40349BF2914345200BE325C /* WeatherModel.swift */ = {isa = PBXFileReference; lastKnownFileType = sourcecode.swift; path = WeatherModel.swift; sourceTree = "<group>"; };
		F42B2D4F291426E700B25036 /* BeautifulWeather.app */ = {isa = PBXFileReference; explicitFileType = wrapper.application; includeInIndex = 0; path = BeautifulWeather.app; sourceTree = BUILT_PRODUCTS_DIR; };
		F42B2D52291426E700B25036 /* AppDelegate.swift */ = {isa = PBXFileReference; lastKnownFileType = sourcecode.swift; path = AppDelegate.swift; sourceTree = "<group>"; };
		F42B2D54291426E700B25036 /* SceneDelegate.swift */ = {isa = PBXFileReference; lastKnownFileType = sourcecode.swift; path = SceneDelegate.swift; sourceTree = "<group>"; };
		F42B2D56291426E700B25036 /* ViewController.swift */ = {isa = PBXFileReference; lastKnownFileType = sourcecode.swift; path = ViewController.swift; sourceTree = "<group>"; };
		F42B2D59291426E700B25036 /* Base */ = {isa = PBXFileReference; lastKnownFileType = file.storyboard; name = Base; path = Base.lproj/Main.storyboard; sourceTree = "<group>"; };
		F42B2D5B291426E800B25036 /* Assets.xcassets */ = {isa = PBXFileReference; lastKnownFileType = folder.assetcatalog; path = Assets.xcassets; sourceTree = "<group>"; };
		F42B2D5E291426E800B25036 /* Base */ = {isa = PBXFileReference; lastKnownFileType = file.storyboard; name = Base; path = Base.lproj/LaunchScreen.storyboard; sourceTree = "<group>"; };
		F42B2D60291426E800B25036 /* Info.plist */ = {isa = PBXFileReference; lastKnownFileType = text.plist.xml; path = Info.plist; sourceTree = "<group>"; };
/* End PBXFileReference section */

/* Begin PBXFrameworksBuildPhase section */
		F42B2D4C291426E700B25036 /* Frameworks */ = {
			isa = PBXFrameworksBuildPhase;
			buildActionMask = 2147483647;
			files = (
			);
			runOnlyForDeploymentPostprocessing = 0;
		};
/* End PBXFrameworksBuildPhase section */

/* Begin PBXGroup section */
		F40349B8291433D300BE325C /* View */ = {
			isa = PBXGroup;
			children = (
				F42B2D58291426E700B25036 /* Main.storyboard */,
			);
			path = View;
			sourceTree = "<group>";
		};
		F40349B9291433E600BE325C /* Controller */ = {
			isa = PBXGroup;
			children = (
				F42B2D56291426E700B25036 /* ViewController.swift */,
			);
			path = Controller;
			sourceTree = "<group>";
		};
		F40349BA291433FB00BE325C /* Model */ = {
			isa = PBXGroup;
			children = (
				F40349BB2914340C00BE325C /* WeatherManager.swift */,
				F40349BD2914343200BE325C /* WeatherData.swift */,
				F40349BF2914345200BE325C /* WeatherModel.swift */,
			);
			path = Model;
			sourceTree = "<group>";
		};
		F42B2D46291426E700B25036 = {
			isa = PBXGroup;
			children = (
				F42B2D51291426E700B25036 /* BeautifulWeather */,
				F42B2D50291426E700B25036 /* Products */,
			);
			sourceTree = "<group>";
		};
		F42B2D50291426E700B25036 /* Products */ = {
			isa = PBXGroup;
			children = (
				F42B2D4F291426E700B25036 /* BeautifulWeather.app */,
			);
			name = Products;
			sourceTree = "<group>";
		};
		F42B2D51291426E700B25036 /* BeautifulWeather */ = {
			isa = PBXGroup;
			children = (
				F40349BA291433FB00BE325C /* Model */,
				F42B2D52291426E700B25036 /* AppDelegate.swift */,
				F42B2D54291426E700B25036 /* SceneDelegate.swift */,
				F40349B9291433E600BE325C /* Controller */,
				F40349B8291433D300BE325C /* View */,
				F42B2D5B291426E800B25036 /* Assets.xcassets */,
				F42B2D5D291426E800B25036 /* LaunchScreen.storyboard */,
				F42B2D60291426E800B25036 /* Info.plist */,
			);
			path = BeautifulWeather;
			sourceTree = "<group>";
		};
/* End PBXGroup section */

/* Begin PBXNativeTarget section */
		F42B2D4E291426E700B25036 /* BeautifulWeather */ = {
			isa = PBXNativeTarget;
			buildConfigurationList = F42B2D63291426E800B25036 /* Build configuration list for PBXNativeTarget "BeautifulWeather" */;
			buildPhases = (
				F42B2D4B291426E700B25036 /* Sources */,
				F42B2D4C291426E700B25036 /* Frameworks */,
				F42B2D4D291426E700B25036 /* Resources */,
			);
			buildRules = (
			);
			dependencies = (
			);
			name = BeautifulWeather;
			productName = BeautifulWeather;
			productReference = F42B2D4F291426E700B25036 /* BeautifulWeather.app */;
			productType = "com.apple.product-type.application";
		};
/* End PBXNativeTarget section */

/* Begin PBXProject section */
		F42B2D47291426E700B25036 /* Project object */ = {
			isa = PBXProject;
			attributes = {
				BuildIndependentTargetsInParallel = 1;
				LastSwiftUpdateCheck = 1400;
				LastUpgradeCheck = 1400;
				TargetAttributes = {
					F42B2D4E291426E700B25036 = {
						CreatedOnToolsVersion = 14.0.1;
					};
				};
			};
			buildConfigurationList = F42B2D4A291426E700B25036 /* Build configuration list for PBXProject "BeautifulWeather" */;
			compatibilityVersion = "Xcode 14.0";
			developmentRegion = en;
			hasScannedForEncodings = 0;
			knownRegions = (
				en,
				Base,
			);
			mainGroup = F42B2D46291426E700B25036;
			productRefGroup = F42B2D50291426E700B25036 /* Products */;
			projectDirPath = "";
			projectRoot = "";
			targets = (
				F42B2D4E291426E700B25036 /* BeautifulWeather */,
			);
		};
/* End PBXProject section */

/* Begin PBXResourcesBuildPhase section */
		F42B2D4D291426E700B25036 /* Resources */ = {
			isa = PBXResourcesBuildPhase;
			buildActionMask = 2147483647;
			files = (
				F42B2D5F291426E800B25036 /* LaunchScreen.storyboard in Resources */,
				F42B2D5C291426E800B25036 /* Assets.xcassets in Resources */,
				F42B2D5A291426E700B25036 /* Main.storyboard in Resources */,
			);
			runOnlyForDeploymentPostprocessing = 0;
		};
/* End PBXResourcesBuildPhase section */

/* Begin PBXSourcesBuildPhase section */
		F42B2D4B291426E700B25036 /* Sources */ = {
			isa = PBXSourcesBuildPhase;
			buildActionMask = 2147483647;
			files = (
				F42B2D57291426E700B25036 /* ViewController.swift in Sources */,
				F40349BE2914343200BE325C /* WeatherData.swift in Sources */,
				F42B2D53291426E700B25036 /* AppDelegate.swift in Sources */,
				F40349BC2914340C00BE325C /* WeatherManager.swift in Sources */,
				F40349C02914345200BE325C /* WeatherModel.swift in Sources */,
				F42B2D55291426E700B25036 /* SceneDelegate.swift in Sources */,
			);
			runOnlyForDeploymentPostprocessing = 0;
		};
/* End PBXSourcesBuildPhase section */

/* Begin PBXVariantGroup section */
		F42B2D58291426E700B25036 /* Main.storyboard */ = {
			isa = PBXVariantGroup;
			children = (
				F42B2D59291426E700B25036 /* Base */,
			);
			name = Main.storyboard;
			sourceTree = "<group>";
		};
		F42B2D5D291426E800B25036 /* LaunchScreen.storyboard */ = {
			isa = PBXVariantGroup;
			children = (
				F42B2D5E291426E800B25036 /* Base */,
			);
			name = LaunchScreen.storyboard;
			sourceTree = "<group>";
		};
/* End PBXVariantGroup section */

/* Begin XCBuildConfiguration section */
		F42B2D61291426E800B25036 /* Debug */ = {
			isa = XCBuildConfiguration;
			buildSettings = {
				ALWAYS_SEARCH_USER_PATHS = NO;
				CLANG_ANALYZER_NONNULL = YES;
				CLANG_ANALYZER_NUMBER_OBJECT_CONVERSION = YES_AGGRESSIVE;
				CLANG_CXX_LANGUAGE_STANDARD = "gnu++20";
				CLANG_ENABLE_MODULES = YES;
				CLANG_ENABLE_OBJC_ARC = YES;
				CLANG_ENABLE_OBJC_WEAK = YES;
				CLANG_WARN_BLOCK_CAPTURE_AUTORELEASING = YES;
				CLANG_WARN_BOOL_CONVERSION = YES;
				CLANG_WARN_COMMA = YES;
				CLANG_WARN_CONSTANT_CONVERSION = YES;
				CLANG_WARN_DEPRECATED_OBJC_IMPLEMENTATIONS = YES;
				CLANG_WARN_DIRECT_OBJC_ISA_USAGE = YES_ERROR;
				CLANG_WARN_DOCUMENTATION_COMMENTS = YES;
				CLANG_WARN_EMPTY_BODY = YES;
				CLANG_WARN_ENUM_CONVERSION = YES;
				CLANG_WARN_INFINITE_RECURSION = YES;
				CLANG_WARN_INT_CONVERSION = YES;
				CLANG_WARN_NON_LITERAL_NULL_CONVERSION = YES;
				CLANG_WARN_OBJC_IMPLICIT_RETAIN_SELF = YES;
				CLANG_WARN_OBJC_LITERAL_CONVERSION = YES;
				CLANG_WARN_OBJC_ROOT_CLASS = YES_ERROR;
				CLANG_WARN_QUOTED_INCLUDE_IN_FRAMEWORK_HEADER = YES;
				CLANG_WARN_RANGE_LOOP_ANALYSIS = YES;
				CLANG_WARN_STRICT_PROTOTYPES = YES;
				CLANG_WARN_SUSPICIOUS_MOVE = YES;
				CLANG_WARN_UNGUARDED_AVAILABILITY = YES_AGGRESSIVE;
				CLANG_WARN_UNREACHABLE_CODE = YES;
				CLANG_WARN__DUPLICATE_METHOD_MATCH = YES;
				COPY_PHASE_STRIP = NO;
				DEBUG_INFORMATION_FORMAT = dwarf;
				ENABLE_STRICT_OBJC_MSGSEND = YES;
				ENABLE_TESTABILITY = YES;
				GCC_C_LANGUAGE_STANDARD = gnu11;
				GCC_DYNAMIC_NO_PIC = NO;
				GCC_NO_COMMON_BLOCKS = YES;
				GCC_OPTIMIZATION_LEVEL = 0;
				GCC_PREPROCESSOR_DEFINITIONS = (
					"DEBUG=1",
					"$(inherited)",
				);
				GCC_WARN_64_TO_32_BIT_CONVERSION = YES;
				GCC_WARN_ABOUT_RETURN_TYPE = YES_ERROR;
				GCC_WARN_UNDECLARED_SELECTOR = YES;
				GCC_WARN_UNINITIALIZED_AUTOS = YES_AGGRESSIVE;
				GCC_WARN_UNUSED_FUNCTION = YES;
				GCC_WARN_UNUSED_VARIABLE = YES;
				IPHONEOS_DEPLOYMENT_TARGET = 16.0;
				MTL_ENABLE_DEBUG_INFO = INCLUDE_SOURCE;
				MTL_FAST_MATH = YES;
				ONLY_ACTIVE_ARCH = YES;
				SDKROOT = iphoneos;
				SWIFT_ACTIVE_COMPILATION_CONDITIONS = DEBUG;
				SWIFT_OPTIMIZATION_LEVEL = "-Onone";
			};
			name = Debug;
		};
		F42B2D62291426E800B25036 /* Release */ = {
			isa = XCBuildConfiguration;
			buildSettings = {
				ALWAYS_SEARCH_USER_PATHS = NO;
				CLANG_ANALYZER_NONNULL = YES;
				CLANG_ANALYZER_NUMBER_OBJECT_CONVERSION = YES_AGGRESSIVE;
				CLANG_CXX_LANGUAGE_STANDARD = "gnu++20";
				CLANG_ENABLE_MODULES = YES;
				CLANG_ENABLE_OBJC_ARC = YES;
				CLANG_ENABLE_OBJC_WEAK = YES;
				CLANG_WARN_BLOCK_CAPTURE_AUTORELEASING = YES;
				CLANG_WARN_BOOL_CONVERSION = YES;
				CLANG_WARN_COMMA = YES;
				CLANG_WARN_CONSTANT_CONVERSION = YES;
				CLANG_WARN_DEPRECATED_OBJC_IMPLEMENTATIONS = YES;
				CLANG_WARN_DIRECT_OBJC_ISA_USAGE = YES_ERROR;
				CLANG_WARN_DOCUMENTATION_COMMENTS = YES;
				CLANG_WARN_EMPTY_BODY = YES;
				CLANG_WARN_ENUM_CONVERSION = YES;
				CLANG_WARN_INFINITE_RECURSION = YES;
				CLANG_WARN_INT_CONVERSION = YES;
				CLANG_WARN_NON_LITERAL_NULL_CONVERSION = YES;
				CLANG_WARN_OBJC_IMPLICIT_RETAIN_SELF = YES;
				CLANG_WARN_OBJC_LITERAL_CONVERSION = YES;
				CLANG_WARN_OBJC_ROOT_CLASS = YES_ERROR;
				CLANG_WARN_QUOTED_INCLUDE_IN_FRAMEWORK_HEADER = YES;
				CLANG_WARN_RANGE_LOOP_ANALYSIS = YES;
				CLANG_WARN_STRICT_PROTOTYPES = YES;
				CLANG_WARN_SUSPICIOUS_MOVE = YES;
				CLANG_WARN_UNGUARDED_AVAILABILITY = YES_AGGRESSIVE;
				CLANG_WARN_UNREACHABLE_CODE = YES;
				CLANG_WARN__DUPLICATE_METHOD_MATCH = YES;
				COPY_PHASE_STRIP = NO;
				DEBUG_INFORMATION_FORMAT = "dwarf-with-dsym";
				ENABLE_NS_ASSERTIONS = NO;
				ENABLE_STRICT_OBJC_MSGSEND = YES;
				GCC_C_LANGUAGE_STANDARD = gnu11;
				GCC_NO_COMMON_BLOCKS = YES;
				GCC_WARN_64_TO_32_BIT_CONVERSION = YES;
				GCC_WARN_ABOUT_RETURN_TYPE = YES_ERROR;
				GCC_WARN_UNDECLARED_SELECTOR = YES;
				GCC_WARN_UNINITIALIZED_AUTOS = YES_AGGRESSIVE;
				GCC_WARN_UNUSED_FUNCTION = YES;
				GCC_WARN_UNUSED_VARIABLE = YES;
				IPHONEOS_DEPLOYMENT_TARGET = 16.0;
				MTL_ENABLE_DEBUG_INFO = NO;
				MTL_FAST_MATH = YES;
				SDKROOT = iphoneos;
				SWIFT_COMPILATION_MODE = wholemodule;
				SWIFT_OPTIMIZATION_LEVEL = "-O";
				VALIDATE_PRODUCT = YES;
			};
			name = Release;
		};
		F42B2D64291426E800B25036 /* Debug */ = {
			isa = XCBuildConfiguration;
			buildSettings = {
				ASSETCATALOG_COMPILER_APPICON_NAME = AppIcon;
				ASSETCATALOG_COMPILER_GLOBAL_ACCENT_COLOR_NAME = AccentColor;
				CODE_SIGN_STYLE = Automatic;
				CURRENT_PROJECT_VERSION = 1;
				DEVELOPMENT_TEAM = 7WK7U6YFJ3;
				GENERATE_INFOPLIST_FILE = YES;
				INFOPLIST_FILE = BeautifulWeather/Info.plist;
				INFOPLIST_KEY_UIApplicationSupportsIndirectInputEvents = YES;
				INFOPLIST_KEY_UILaunchStoryboardName = LaunchScreen;
				INFOPLIST_KEY_UIMainStoryboardFile = Main;
				INFOPLIST_KEY_UISupportedInterfaceOrientations_iPad = "UIInterfaceOrientationPortrait UIInterfaceOrientationPortraitUpsideDown UIInterfaceOrientationLandscapeLeft UIInterfaceOrientationLandscapeRight";
				INFOPLIST_KEY_UISupportedInterfaceOrientations_iPhone = "UIInterfaceOrientationPortrait UIInterfaceOrientationLandscapeLeft UIInterfaceOrientationLandscapeRight";
				LD_RUNPATH_SEARCH_PATHS = (
					"$(inherited)",
					"@executable_path/Frameworks",
				);
				MARKETING_VERSION = 1.0;
				PRODUCT_BUNDLE_IDENTIFIER = com.michaelbenliyan.BeautifulWeather;
				PRODUCT_NAME = "$(TARGET_NAME)";
				SWIFT_EMIT_LOC_STRINGS = YES;
				SWIFT_VERSION = 5.0;
				TARGETED_DEVICE_FAMILY = "1,2";
			};
			name = Debug;
		};
		F42B2D65291426E800B25036 /* Release */ = {
			isa = XCBuildConfiguration;
			buildSettings = {
				ASSETCATALOG_COMPILER_APPICON_NAME = AppIcon;
				ASSETCATALOG_COMPILER_GLOBAL_ACCENT_COLOR_NAME = AccentColor;
				CODE_SIGN_STYLE = Automatic;
				CURRENT_PROJECT_VERSION = 1;
				DEVELOPMENT_TEAM = 7WK7U6YFJ3;
				GENERATE_INFOPLIST_FILE = YES;
				INFOPLIST_FILE = BeautifulWeather/Info.plist;
				INFOPLIST_KEY_UIApplicationSupportsIndirectInputEvents = YES;
				INFOPLIST_KEY_UILaunchStoryboardName = LaunchScreen;
				INFOPLIST_KEY_UIMainStoryboardFile = Main;
				INFOPLIST_KEY_UISupportedInterfaceOrientations_iPad = "UIInterfaceOrientationPortrait UIInterfaceOrientationPortraitUpsideDown UIInterfaceOrientationLandscapeLeft UIInterfaceOrientationLandscapeRight";
				INFOPLIST_KEY_UISupportedInterfaceOrientations_iPhone = "UIInterfaceOrientationPortrait UIInterfaceOrientationLandscapeLeft UIInterfaceOrientationLandscapeRight";
				LD_RUNPATH_SEARCH_PATHS = (
					"$(inherited)",
					"@executable_path/Frameworks",
				);
				MARKETING_VERSION = 1.0;
				PRODUCT_BUNDLE_IDENTIFIER = com.michaelbenliyan.BeautifulWeather;
				PRODUCT_NAME = "$(TARGET_NAME)";
				SWIFT_EMIT_LOC_STRINGS = YES;
				SWIFT_VERSION = 5.0;
				TARGETED_DEVICE_FAMILY = "1,2";
			};
			name = Release;
		};
/* End XCBuildConfiguration section */

/* Begin XCConfigurationList section */
		F42B2D4A291426E700B25036 /* Build configuration list for PBXProject "BeautifulWeather" */ = {
			isa = XCConfigurationList;
			buildConfigurations = (
				F42B2D61291426E800B25036 /* Debug */,
				F42B2D62291426E800B25036 /* Release */,
			);
			defaultConfigurationIsVisible = 0;
			defaultConfigurationName = Release;
		};
		F42B2D63291426E800B25036 /* Build configuration list for PBXNativeTarget "BeautifulWeather" */ = {
			isa = XCConfigurationList;
			buildConfigurations = (
				F42B2D64291426E800B25036 /* Debug */,
				F42B2D65291426E800B25036 /* Release */,
			);
			defaultConfigurationIsVisible = 0;
			defaultConfigurationName = Release;
		};
/* End XCConfigurationList section */
	};
	rootObject = F42B2D47291426E700B25036 /* Project object */;
}
